// !$*UTF8*$!
{
	archiveVersion = 1;
	classes = {
	};
	objectVersion = 56;
	objects = {

/* Begin PBXBuildFile section */
		ACCAAE972B6D95AF00322A87 /* LocationsListView.swift in Sources */ = {isa = PBXBuildFile; fileRef = ACCAAE962B6D95AF00322A87 /* LocationsListView.swift */; };
		ACD8A9352B6E198C00937B15 /* LocationPreviewView.swift in Sources */ = {isa = PBXBuildFile; fileRef = ACD8A9342B6E198C00937B15 /* LocationPreviewView.swift */; };
		ACDAC66F2B633FB400EC7272 /* MapApp.swift in Sources */ = {isa = PBXBuildFile; fileRef = ACDAC66E2B633FB400EC7272 /* MapApp.swift */; };
		ACDAC6712B633FB400EC7272 /* ContentView.swift in Sources */ = {isa = PBXBuildFile; fileRef = ACDAC6702B633FB400EC7272 /* ContentView.swift */; };
		ACDAC6762B633FB500EC7272 /* Preview Assets.xcassets in Resources */ = {isa = PBXBuildFile; fileRef = ACDAC6752B633FB500EC7272 /* Preview Assets.xcassets */; };
		ACDAC6802B633FB500EC7272 /* MapTests.swift in Sources */ = {isa = PBXBuildFile; fileRef = ACDAC67F2B633FB500EC7272 /* MapTests.swift */; };
		ACDAC68A2B633FB500EC7272 /* MapUITests.swift in Sources */ = {isa = PBXBuildFile; fileRef = ACDAC6892B633FB500EC7272 /* MapUITests.swift */; };
		ACDAC68C2B633FB500EC7272 /* MapUITestsLaunchTests.swift in Sources */ = {isa = PBXBuildFile; fileRef = ACDAC68B2B633FB500EC7272 /* MapUITestsLaunchTests.swift */; };
		ACDAC6992B63412A00EC7272 /* Assets.xcassets in Resources */ = {isa = PBXBuildFile; fileRef = ACDAC6982B63412A00EC7272 /* Assets.xcassets */; };
		ACDAC69E2B63422900EC7272 /* Location.swift in Sources */ = {isa = PBXBuildFile; fileRef = ACDAC69D2B63422900EC7272 /* Location.swift */; };
		ACDAC6A12B6346BF00EC7272 /* LocationsDataService.swift in Sources */ = {isa = PBXBuildFile; fileRef = ACDAC6A02B6346BE00EC7272 /* LocationsDataService.swift */; };
		ACDAC6A52B6347D300EC7272 /* LocationsView.swift in Sources */ = {isa = PBXBuildFile; fileRef = ACDAC6A42B6347D300EC7272 /* LocationsView.swift */; };
		ACDAC6A72B6347F700EC7272 /* LocationsViewModel.swift in Sources */ = {isa = PBXBuildFile; fileRef = ACDAC6A62B6347F700EC7272 /* LocationsViewModel.swift */; };
/* End PBXBuildFile section */

/* Begin PBXContainerItemProxy section */
		ACDAC67C2B633FB500EC7272 /* PBXContainerItemProxy */ = {
			isa = PBXContainerItemProxy;
			containerPortal = ACDAC6632B633FB400EC7272 /* Project object */;
			proxyType = 1;
			remoteGlobalIDString = ACDAC66A2B633FB400EC7272;
			remoteInfo = Map;
		};
		ACDAC6862B633FB500EC7272 /* PBXContainerItemProxy */ = {
			isa = PBXContainerItemProxy;
			containerPortal = ACDAC6632B633FB400EC7272 /* Project object */;
			proxyType = 1;
			remoteGlobalIDString = ACDAC66A2B633FB400EC7272;
			remoteInfo = Map;
		};
/* End PBXContainerItemProxy section */

/* Begin PBXFileReference section */
		ACCAAE962B6D95AF00322A87 /* LocationsListView.swift */ = {isa = PBXFileReference; lastKnownFileType = sourcecode.swift; path = LocationsListView.swift; sourceTree = "<group>"; };
		ACD8A9342B6E198C00937B15 /* LocationPreviewView.swift */ = {isa = PBXFileReference; lastKnownFileType = sourcecode.swift; path = LocationPreviewView.swift; sourceTree = "<group>"; };
		ACDAC66B2B633FB400EC7272 /* Map.app */ = {isa = PBXFileReference; explicitFileType = wrapper.application; includeInIndex = 0; path = Map.app; sourceTree = BUILT_PRODUCTS_DIR; };
		ACDAC66E2B633FB400EC7272 /* MapApp.swift */ = {isa = PBXFileReference; lastKnownFileType = sourcecode.swift; path = MapApp.swift; sourceTree = "<group>"; };
		ACDAC6702B633FB400EC7272 /* ContentView.swift */ = {isa = PBXFileReference; lastKnownFileType = sourcecode.swift; path = ContentView.swift; sourceTree = "<group>"; };
		ACDAC6752B633FB500EC7272 /* Preview Assets.xcassets */ = {isa = PBXFileReference; lastKnownFileType = folder.assetcatalog; path = "Preview Assets.xcassets"; sourceTree = "<group>"; };
		ACDAC67B2B633FB500EC7272 /* MapTests.xctest */ = {isa = PBXFileReference; explicitFileType = wrapper.cfbundle; includeInIndex = 0; path = MapTests.xctest; sourceTree = BUILT_PRODUCTS_DIR; };
		ACDAC67F2B633FB500EC7272 /* MapTests.swift */ = {isa = PBXFileReference; lastKnownFileType = sourcecode.swift; path = MapTests.swift; sourceTree = "<group>"; };
		ACDAC6852B633FB500EC7272 /* MapUITests.xctest */ = {isa = PBXFileReference; explicitFileType = wrapper.cfbundle; includeInIndex = 0; path = MapUITests.xctest; sourceTree = BUILT_PRODUCTS_DIR; };
		ACDAC6892B633FB500EC7272 /* MapUITests.swift */ = {isa = PBXFileReference; lastKnownFileType = sourcecode.swift; path = MapUITests.swift; sourceTree = "<group>"; };
		ACDAC68B2B633FB500EC7272 /* MapUITestsLaunchTests.swift */ = {isa = PBXFileReference; lastKnownFileType = sourcecode.swift; path = MapUITestsLaunchTests.swift; sourceTree = "<group>"; };
		ACDAC6982B63412A00EC7272 /* Assets.xcassets */ = {isa = PBXFileReference; lastKnownFileType = folder.assetcatalog; name = Assets.xcassets; path = ../../Data/Assets.xcassets; sourceTree = "<group>"; };
		ACDAC69D2B63422900EC7272 /* Location.swift */ = {isa = PBXFileReference; lastKnownFileType = sourcecode.swift; path = Location.swift; sourceTree = "<group>"; };
		ACDAC6A02B6346BE00EC7272 /* LocationsDataService.swift */ = {isa = PBXFileReference; fileEncoding = 4; lastKnownFileType = sourcecode.swift; name = LocationsDataService.swift; path = ../../../Data/LocationsDataService.swift; sourceTree = "<group>"; };
		ACDAC6A42B6347D300EC7272 /* LocationsView.swift */ = {isa = PBXFileReference; lastKnownFileType = sourcecode.swift; path = LocationsView.swift; sourceTree = "<group>"; };
		ACDAC6A62B6347F700EC7272 /* LocationsViewModel.swift */ = {isa = PBXFileReference; lastKnownFileType = sourcecode.swift; path = LocationsViewModel.swift; sourceTree = "<group>"; };
/* End PBXFileReference section */

/* Begin PBXFrameworksBuildPhase section */
		ACDAC6682B633FB400EC7272 /* Frameworks */ = {
			isa = PBXFrameworksBuildPhase;
			buildActionMask = 2147483647;
			files = (
			);
			runOnlyForDeploymentPostprocessing = 0;
		};
		ACDAC6782B633FB500EC7272 /* Frameworks */ = {
			isa = PBXFrameworksBuildPhase;
			buildActionMask = 2147483647;
			files = (
			);
			runOnlyForDeploymentPostprocessing = 0;
		};
		ACDAC6822B633FB500EC7272 /* Frameworks */ = {
			isa = PBXFrameworksBuildPhase;
			buildActionMask = 2147483647;
			files = (
			);
			runOnlyForDeploymentPostprocessing = 0;
		};
/* End PBXFrameworksBuildPhase section */

/* Begin PBXGroup section */
		ACDAC6622B633FB400EC7272 = {
			isa = PBXGroup;
			children = (
				ACDAC66D2B633FB400EC7272 /* Map */,
				ACDAC67E2B633FB500EC7272 /* MapTests */,
				ACDAC6882B633FB500EC7272 /* MapUITests */,
				ACDAC66C2B633FB400EC7272 /* Products */,
			);
			sourceTree = "<group>";
		};
		ACDAC66C2B633FB400EC7272 /* Products */ = {
			isa = PBXGroup;
			children = (
				ACDAC66B2B633FB400EC7272 /* Map.app */,
				ACDAC67B2B633FB500EC7272 /* MapTests.xctest */,
				ACDAC6852B633FB500EC7272 /* MapUITests.xctest */,
			);
			name = Products;
			sourceTree = "<group>";
		};
		ACDAC66D2B633FB400EC7272 /* Map */ = {
			isa = PBXGroup;
			children = (
				ACDAC69F2B6346AF00EC7272 /* DataServices */,
				ACDAC69C2B63421100EC7272 /* Models */,
				ACDAC69B2B63420B00EC7272 /* ViewModels */,
				ACDAC69A2B63420000EC7272 /* Views */,
				ACDAC66E2B633FB400EC7272 /* MapApp.swift */,
				ACDAC6702B633FB400EC7272 /* ContentView.swift */,
				ACDAC6982B63412A00EC7272 /* Assets.xcassets */,
				ACDAC6742B633FB500EC7272 /* Preview Content */,
			);
			path = Map;
			sourceTree = "<group>";
		};
		ACDAC6742B633FB500EC7272 /* Preview Content */ = {
			isa = PBXGroup;
			children = (
				ACDAC6752B633FB500EC7272 /* Preview Assets.xcassets */,
			);
			path = "Preview Content";
			sourceTree = "<group>";
		};
		ACDAC67E2B633FB500EC7272 /* MapTests */ = {
			isa = PBXGroup;
			children = (
				ACDAC67F2B633FB500EC7272 /* MapTests.swift */,
			);
			path = MapTests;
			sourceTree = "<group>";
		};
		ACDAC6882B633FB500EC7272 /* MapUITests */ = {
			isa = PBXGroup;
			children = (
				ACDAC6892B633FB500EC7272 /* MapUITests.swift */,
				ACDAC68B2B633FB500EC7272 /* MapUITestsLaunchTests.swift */,
			);
			path = MapUITests;
			sourceTree = "<group>";
		};
		ACDAC69A2B63420000EC7272 /* Views */ = {
			isa = PBXGroup;
			children = (
				ACD8A9342B6E198C00937B15 /* LocationPreviewView.swift */,
				ACDAC6A42B6347D300EC7272 /* LocationsView.swift */,
				ACCAAE962B6D95AF00322A87 /* LocationsListView.swift */,
			);
			path = Views;
			sourceTree = "<group>";
		};
		ACDAC69B2B63420B00EC7272 /* ViewModels */ = {
			isa = PBXGroup;
			children = (
				ACDAC6A62B6347F700EC7272 /* LocationsViewModel.swift */,
			);
			path = ViewModels;
			sourceTree = "<group>";
		};
		ACDAC69C2B63421100EC7272 /* Models */ = {
			isa = PBXGroup;
			children = (
				ACDAC69D2B63422900EC7272 /* Location.swift */,
			);
			path = Models;
			sourceTree = "<group>";
		};
		ACDAC69F2B6346AF00EC7272 /* DataServices */ = {
			isa = PBXGroup;
			children = (
				ACDAC6A02B6346BE00EC7272 /* LocationsDataService.swift */,
			);
			path = DataServices;
			sourceTree = "<group>";
		};
/* End PBXGroup section */

/* Begin PBXNativeTarget section */
		ACDAC66A2B633FB400EC7272 /* Map */ = {
			isa = PBXNativeTarget;
			buildConfigurationList = ACDAC68F2B633FB500EC7272 /* Build configuration list for PBXNativeTarget "Map" */;
			buildPhases = (
				ACDAC6672B633FB400EC7272 /* Sources */,
				ACDAC6682B633FB400EC7272 /* Frameworks */,
				ACDAC6692B633FB400EC7272 /* Resources */,
			);
			buildRules = (
			);
			dependencies = (
			);
			name = Map;
			productName = Map;
			productReference = ACDAC66B2B633FB400EC7272 /* Map.app */;
			productType = "com.apple.product-type.application";
		};
		ACDAC67A2B633FB500EC7272 /* MapTests */ = {
			isa = PBXNativeTarget;
			buildConfigurationList = ACDAC6922B633FB500EC7272 /* Build configuration list for PBXNativeTarget "MapTests" */;
			buildPhases = (
				ACDAC6772B633FB500EC7272 /* Sources */,
				ACDAC6782B633FB500EC7272 /* Frameworks */,
				ACDAC6792B633FB500EC7272 /* Resources */,
			);
			buildRules = (
			);
			dependencies = (
				ACDAC67D2B633FB500EC7272 /* PBXTargetDependency */,
			);
			name = MapTests;
			productName = MapTests;
			productReference = ACDAC67B2B633FB500EC7272 /* MapTests.xctest */;
			productType = "com.apple.product-type.bundle.unit-test";
		};
		ACDAC6842B633FB500EC7272 /* MapUITests */ = {
			isa = PBXNativeTarget;
			buildConfigurationList = ACDAC6952B633FB500EC7272 /* Build configuration list for PBXNativeTarget "MapUITests" */;
			buildPhases = (
				ACDAC6812B633FB500EC7272 /* Sources */,
				ACDAC6822B633FB500EC7272 /* Frameworks */,
				ACDAC6832B633FB500EC7272 /* Resources */,
			);
			buildRules = (
			);
			dependencies = (
				ACDAC6872B633FB500EC7272 /* PBXTargetDependency */,
			);
			name = MapUITests;
			productName = MapUITests;
			productReference = ACDAC6852B633FB500EC7272 /* MapUITests.xctest */;
			productType = "com.apple.product-type.bundle.ui-testing";
		};
/* End PBXNativeTarget section */

/* Begin PBXProject section */
		ACDAC6632B633FB400EC7272 /* Project object */ = {
			isa = PBXProject;
			attributes = {
				BuildIndependentTargetsInParallel = 1;
				LastSwiftUpdateCheck = 1430;
				LastUpgradeCheck = 1430;
				TargetAttributes = {
					ACDAC66A2B633FB400EC7272 = {
						CreatedOnToolsVersion = 14.3.1;
					};
					ACDAC67A2B633FB500EC7272 = {
						CreatedOnToolsVersion = 14.3.1;
						TestTargetID = ACDAC66A2B633FB400EC7272;
					};
					ACDAC6842B633FB500EC7272 = {
						CreatedOnToolsVersion = 14.3.1;
						TestTargetID = ACDAC66A2B633FB400EC7272;
					};
				};
			};
			buildConfigurationList = ACDAC6662B633FB400EC7272 /* Build configuration list for PBXProject "Map" */;
			compatibilityVersion = "Xcode 14.0";
			developmentRegion = en;
			hasScannedForEncodings = 0;
			knownRegions = (
				en,
				Base,
			);
			mainGroup = ACDAC6622B633FB400EC7272;
			productRefGroup = ACDAC66C2B633FB400EC7272 /* Products */;
			projectDirPath = "";
			projectRoot = "";
			targets = (
				ACDAC66A2B633FB400EC7272 /* Map */,
				ACDAC67A2B633FB500EC7272 /* MapTests */,
				ACDAC6842B633FB500EC7272 /* MapUITests */,
			);
		};
/* End PBXProject section */

/* Begin PBXResourcesBuildPhase section */
		ACDAC6692B633FB400EC7272 /* Resources */ = {
			isa = PBXResourcesBuildPhase;
			buildActionMask = 2147483647;
			files = (
				ACDAC6992B63412A00EC7272 /* Assets.xcassets in Resources */,
				ACDAC6762B633FB500EC7272 /* Preview Assets.xcassets in Resources */,
			);
			runOnlyForDeploymentPostprocessing = 0;
		};
		ACDAC6792B633FB500EC7272 /* Resources */ = {
			isa = PBXResourcesBuildPhase;
			buildActionMask = 2147483647;
			files = (
			);
			runOnlyForDeploymentPostprocessing = 0;
		};
		ACDAC6832B633FB500EC7272 /* Resources */ = {
			isa = PBXResourcesBuildPhase;
			buildActionMask = 2147483647;
			files = (
			);
			runOnlyForDeploymentPostprocessing = 0;
		};
/* End PBXResourcesBuildPhase section */

/* Begin PBXSourcesBuildPhase section */
		ACDAC6672B633FB400EC7272 /* Sources */ = {
			isa = PBXSourcesBuildPhase;
			buildActionMask = 2147483647;
			files = (
				ACDAC6A12B6346BF00EC7272 /* LocationsDataService.swift in Sources */,
				ACCAAE972B6D95AF00322A87 /* LocationsListView.swift in Sources */,
				ACD8A9352B6E198C00937B15 /* LocationPreviewView.swift in Sources */,
				ACDAC6A72B6347F700EC7272 /* LocationsViewModel.swift in Sources */,
				ACDAC6712B633FB400EC7272 /* ContentView.swift in Sources */,
				ACDAC6A52B6347D300EC7272 /* LocationsView.swift in Sources */,
				ACDAC69E2B63422900EC7272 /* Location.swift in Sources */,
				ACDAC66F2B633FB400EC7272 /* MapApp.swift in Sources */,
			);
			runOnlyForDeploymentPostprocessing = 0;
		};
		ACDAC6772B633FB500EC7272 /* Sources */ = {
			isa = PBXSourcesBuildPhase;
			buildActionMask = 2147483647;
			files = (
				ACDAC6802B633FB500EC7272 /* MapTests.swift in Sources */,
			);
			runOnlyForDeploymentPostprocessing = 0;
		};
		ACDAC6812B633FB500EC7272 /* Sources */ = {
			isa = PBXSourcesBuildPhase;
			buildActionMask = 2147483647;
			files = (
				ACDAC68A2B633FB500EC7272 /* MapUITests.swift in Sources */,
				ACDAC68C2B633FB500EC7272 /* MapUITestsLaunchTests.swift in Sources */,
			);
			runOnlyForDeploymentPostprocessing = 0;
		};
/* End PBXSourcesBuildPhase section */

/* Begin PBXTargetDependency section */
		ACDAC67D2B633FB500EC7272 /* PBXTargetDependency */ = {
			isa = PBXTargetDependency;
			target = ACDAC66A2B633FB400EC7272 /* Map */;
			targetProxy = ACDAC67C2B633FB500EC7272 /* PBXContainerItemProxy */;
		};
		ACDAC6872B633FB500EC7272 /* PBXTargetDependency */ = {
			isa = PBXTargetDependency;
			target = ACDAC66A2B633FB400EC7272 /* Map */;
			targetProxy = ACDAC6862B633FB500EC7272 /* PBXContainerItemProxy */;
		};
/* End PBXTargetDependency section */

/* Begin XCBuildConfiguration section */
		ACDAC68D2B633FB500EC7272 /* Debug */ = {
			isa = XCBuildConfiguration;
			buildSettings = {
				ALWAYS_SEARCH_USER_PATHS = NO;
				CLANG_ANALYZER_NONNULL = YES;
				CLANG_ANALYZER_NUMBER_OBJECT_CONVERSION = YES_AGGRESSIVE;
				CLANG_CXX_LANGUAGE_STANDARD = "gnu++20";
				CLANG_ENABLE_MODULES = YES;
				CLANG_ENABLE_OBJC_ARC = YES;
				CLANG_ENABLE_OBJC_WEAK = YES;
				CLANG_WARN_BLOCK_CAPTURE_AUTORELEASING = YES;
				CLANG_WARN_BOOL_CONVERSION = YES;
				CLANG_WARN_COMMA = YES;
				CLANG_WARN_CONSTANT_CONVERSION = YES;
				CLANG_WARN_DEPRECATED_OBJC_IMPLEMENTATIONS = YES;
				CLANG_WARN_DIRECT_OBJC_ISA_USAGE = YES_ERROR;
				CLANG_WARN_DOCUMENTATION_COMMENTS = YES;
				CLANG_WARN_EMPTY_BODY = YES;
				CLANG_WARN_ENUM_CONVERSION = YES;
				CLANG_WARN_INFINITE_RECURSION = YES;
				CLANG_WARN_INT_CONVERSION = YES;
				CLANG_WARN_NON_LITERAL_NULL_CONVERSION = YES;
				CLANG_WARN_OBJC_IMPLICIT_RETAIN_SELF = YES;
				CLANG_WARN_OBJC_LITERAL_CONVERSION = YES;
				CLANG_WARN_OBJC_ROOT_CLASS = YES_ERROR;
				CLANG_WARN_QUOTED_INCLUDE_IN_FRAMEWORK_HEADER = YES;
				CLANG_WARN_RANGE_LOOP_ANALYSIS = YES;
				CLANG_WARN_STRICT_PROTOTYPES = YES;
				CLANG_WARN_SUSPICIOUS_MOVE = YES;
				CLANG_WARN_UNGUARDED_AVAILABILITY = YES_AGGRESSIVE;
				CLANG_WARN_UNREACHABLE_CODE = YES;
				CLANG_WARN__DUPLICATE_METHOD_MATCH = YES;
				COPY_PHASE_STRIP = NO;
				DEBUG_INFORMATION_FORMAT = dwarf;
				ENABLE_STRICT_OBJC_MSGSEND = YES;
				ENABLE_TESTABILITY = YES;
				GCC_C_LANGUAGE_STANDARD = gnu11;
				GCC_DYNAMIC_NO_PIC = NO;
				GCC_NO_COMMON_BLOCKS = YES;
				GCC_OPTIMIZATION_LEVEL = 0;
				GCC_PREPROCESSOR_DEFINITIONS = (
					"DEBUG=1",
					"$(inherited)",
				);
				GCC_WARN_64_TO_32_BIT_CONVERSION = YES;
				GCC_WARN_ABOUT_RETURN_TYPE = YES_ERROR;
				GCC_WARN_UNDECLARED_SELECTOR = YES;
				GCC_WARN_UNINITIALIZED_AUTOS = YES_AGGRESSIVE;
				GCC_WARN_UNUSED_FUNCTION = YES;
				GCC_WARN_UNUSED_VARIABLE = YES;
				IPHONEOS_DEPLOYMENT_TARGET = 16.4;
				MTL_ENABLE_DEBUG_INFO = INCLUDE_SOURCE;
				MTL_FAST_MATH = YES;
				ONLY_ACTIVE_ARCH = YES;
				SDKROOT = iphoneos;
				SWIFT_ACTIVE_COMPILATION_CONDITIONS = DEBUG;
				SWIFT_OPTIMIZATION_LEVEL = "-Onone";
			};
			name = Debug;
		};
		ACDAC68E2B633FB500EC7272 /* Release */ = {
			isa = XCBuildConfiguration;
			buildSettings = {
				ALWAYS_SEARCH_USER_PATHS = NO;
				CLANG_ANALYZER_NONNULL = YES;
				CLANG_ANALYZER_NUMBER_OBJECT_CONVERSION = YES_AGGRESSIVE;
				CLANG_CXX_LANGUAGE_STANDARD = "gnu++20";
				CLANG_ENABLE_MODULES = YES;
				CLANG_ENABLE_OBJC_ARC = YES;
				CLANG_ENABLE_OBJC_WEAK = YES;
				CLANG_WARN_BLOCK_CAPTURE_AUTORELEASING = YES;
				CLANG_WARN_BOOL_CONVERSION = YES;
				CLANG_WARN_COMMA = YES;
				CLANG_WARN_CONSTANT_CONVERSION = YES;
				CLANG_WARN_DEPRECATED_OBJC_IMPLEMENTATIONS = YES;
				CLANG_WARN_DIRECT_OBJC_ISA_USAGE = YES_ERROR;
				CLANG_WARN_DOCUMENTATION_COMMENTS = YES;
				CLANG_WARN_EMPTY_BODY = YES;
				CLANG_WARN_ENUM_CONVERSION = YES;
				CLANG_WARN_INFINITE_RECURSION = YES;
				CLANG_WARN_INT_CONVERSION = YES;
				CLANG_WARN_NON_LITERAL_NULL_CONVERSION = YES;
				CLANG_WARN_OBJC_IMPLICIT_RETAIN_SELF = YES;
				CLANG_WARN_OBJC_LITERAL_CONVERSION = YES;
				CLANG_WARN_OBJC_ROOT_CLASS = YES_ERROR;
				CLANG_WARN_QUOTED_INCLUDE_IN_FRAMEWORK_HEADER = YES;
				CLANG_WARN_RANGE_LOOP_ANALYSIS = YES;
				CLANG_WARN_STRICT_PROTOTYPES = YES;
				CLANG_WARN_SUSPICIOUS_MOVE = YES;
				CLANG_WARN_UNGUARDED_AVAILABILITY = YES_AGGRESSIVE;
				CLANG_WARN_UNREACHABLE_CODE = YES;
				CLANG_WARN__DUPLICATE_METHOD_MATCH = YES;
				COPY_PHASE_STRIP = NO;
				DEBUG_INFORMATION_FORMAT = "dwarf-with-dsym";
				ENABLE_NS_ASSERTIONS = NO;
				ENABLE_STRICT_OBJC_MSGSEND = YES;
				GCC_C_LANGUAGE_STANDARD = gnu11;
				GCC_NO_COMMON_BLOCKS = YES;
				GCC_WARN_64_TO_32_BIT_CONVERSION = YES;
				GCC_WARN_ABOUT_RETURN_TYPE = YES_ERROR;
				GCC_WARN_UNDECLARED_SELECTOR = YES;
				GCC_WARN_UNINITIALIZED_AUTOS = YES_AGGRESSIVE;
				GCC_WARN_UNUSED_FUNCTION = YES;
				GCC_WARN_UNUSED_VARIABLE = YES;
				IPHONEOS_DEPLOYMENT_TARGET = 16.4;
				MTL_ENABLE_DEBUG_INFO = NO;
				MTL_FAST_MATH = YES;
				SDKROOT = iphoneos;
				SWIFT_COMPILATION_MODE = wholemodule;
				SWIFT_OPTIMIZATION_LEVEL = "-O";
				VALIDATE_PRODUCT = YES;
			};
			name = Release;
		};
		ACDAC6902B633FB500EC7272 /* Debug */ = {
			isa = XCBuildConfiguration;
			buildSettings = {
				ASSETCATALOG_COMPILER_APPICON_NAME = AppIcon;
				ASSETCATALOG_COMPILER_GLOBAL_ACCENT_COLOR_NAME = AccentColor;
				CODE_SIGN_STYLE = Automatic;
				CURRENT_PROJECT_VERSION = 1;
				DEVELOPMENT_ASSET_PATHS = "\"Map/Preview Content\"";
				DEVELOPMENT_TEAM = UJJ249DMTZ;
				ENABLE_PREVIEWS = YES;
				GENERATE_INFOPLIST_FILE = YES;
				INFOPLIST_KEY_UIApplicationSceneManifest_Generation = YES;
				INFOPLIST_KEY_UIApplicationSupportsIndirectInputEvents = YES;
				INFOPLIST_KEY_UILaunchScreen_Generation = YES;
				INFOPLIST_KEY_UISupportedInterfaceOrientations_iPad = "UIInterfaceOrientationPortrait UIInterfaceOrientationPortraitUpsideDown UIInterfaceOrientationLandscapeLeft UIInterfaceOrientationLandscapeRight";
				INFOPLIST_KEY_UISupportedInterfaceOrientations_iPhone = "UIInterfaceOrientationPortrait UIInterfaceOrientationLandscapeLeft UIInterfaceOrientationLandscapeRight";
				LD_RUNPATH_SEARCH_PATHS = (
					"$(inherited)",
					"@executable_path/Frameworks",
				);
				MARKETING_VERSION = 1.0;
				PRODUCT_BUNDLE_IDENTIFIER = com.tzeyi.Map;
				PRODUCT_NAME = "$(TARGET_NAME)";
				SWIFT_EMIT_LOC_STRINGS = YES;
				SWIFT_VERSION = 5.0;
				TARGETED_DEVICE_FAMILY = "1,2";
			};
			name = Debug;
		};
		ACDAC6912B633FB500EC7272 /* Release */ = {
			isa = XCBuildConfiguration;
			buildSettings = {
				ASSETCATALOG_COMPILER_APPICON_NAME = AppIcon;
				ASSETCATALOG_COMPILER_GLOBAL_ACCENT_COLOR_NAME = AccentColor;
				CODE_SIGN_STYLE = Automatic;
				CURRENT_PROJECT_VERSION = 1;
				DEVELOPMENT_ASSET_PATHS = "\"Map/Preview Content\"";
				DEVELOPMENT_TEAM = UJJ249DMTZ;
				ENABLE_PREVIEWS = YES;
				GENERATE_INFOPLIST_FILE = YES;
				INFOPLIST_KEY_UIApplicationSceneManifest_Generation = YES;
				INFOPLIST_KEY_UIApplicationSupportsIndirectInputEvents = YES;
				INFOPLIST_KEY_UILaunchScreen_Generation = YES;
				INFOPLIST_KEY_UISupportedInterfaceOrientations_iPad = "UIInterfaceOrientationPortrait UIInterfaceOrientationPortraitUpsideDown UIInterfaceOrientationLandscapeLeft UIInterfaceOrientationLandscapeRight";
				INFOPLIST_KEY_UISupportedInterfaceOrientations_iPhone = "UIInterfaceOrientationPortrait UIInterfaceOrientationLandscapeLeft UIInterfaceOrientationLandscapeRight";
				LD_RUNPATH_SEARCH_PATHS = (
					"$(inherited)",
					"@executable_path/Frameworks",
				);
				MARKETING_VERSION = 1.0;
				PRODUCT_BUNDLE_IDENTIFIER = com.tzeyi.Map;
				PRODUCT_NAME = "$(TARGET_NAME)";
				SWIFT_EMIT_LOC_STRINGS = YES;
				SWIFT_VERSION = 5.0;
				TARGETED_DEVICE_FAMILY = "1,2";
			};
			name = Release;
		};
		ACDAC6932B633FB500EC7272 /* Debug */ = {
			isa = XCBuildConfiguration;
			buildSettings = {
				ALWAYS_EMBED_SWIFT_STANDARD_LIBRARIES = YES;
				BUNDLE_LOADER = "$(TEST_HOST)";
				CODE_SIGN_STYLE = Automatic;
				CURRENT_PROJECT_VERSION = 1;
				DEVELOPMENT_TEAM = UJJ249DMTZ;
				GENERATE_INFOPLIST_FILE = YES;
				IPHONEOS_DEPLOYMENT_TARGET = 16.4;
				MARKETING_VERSION = 1.0;
				PRODUCT_BUNDLE_IDENTIFIER = com.tzeyi.MapTests;
				PRODUCT_NAME = "$(TARGET_NAME)";
				SWIFT_EMIT_LOC_STRINGS = NO;
				SWIFT_VERSION = 5.0;
				TARGETED_DEVICE_FAMILY = "1,2";
				TEST_HOST = "$(BUILT_PRODUCTS_DIR)/Map.app/$(BUNDLE_EXECUTABLE_FOLDER_PATH)/Map";
			};
			name = Debug;
		};
		ACDAC6942B633FB500EC7272 /* Release */ = {
			isa = XCBuildConfiguration;
			buildSettings = {
				ALWAYS_EMBED_SWIFT_STANDARD_LIBRARIES = YES;
				BUNDLE_LOADER = "$(TEST_HOST)";
				CODE_SIGN_STYLE = Automatic;
				CURRENT_PROJECT_VERSION = 1;
				DEVELOPMENT_TEAM = UJJ249DMTZ;
				GENERATE_INFOPLIST_FILE = YES;
				IPHONEOS_DEPLOYMENT_TARGET = 16.4;
				MARKETING_VERSION = 1.0;
				PRODUCT_BUNDLE_IDENTIFIER = com.tzeyi.MapTests;
				PRODUCT_NAME = "$(TARGET_NAME)";
				SWIFT_EMIT_LOC_STRINGS = NO;
				SWIFT_VERSION = 5.0;
				TARGETED_DEVICE_FAMILY = "1,2";
				TEST_HOST = "$(BUILT_PRODUCTS_DIR)/Map.app/$(BUNDLE_EXECUTABLE_FOLDER_PATH)/Map";
			};
			name = Release;
		};
		ACDAC6962B633FB500EC7272 /* Debug */ = {
			isa = XCBuildConfiguration;
			buildSettings = {
				ALWAYS_EMBED_SWIFT_STANDARD_LIBRARIES = YES;
				CODE_SIGN_STYLE = Automatic;
				CURRENT_PROJECT_VERSION = 1;
				DEVELOPMENT_TEAM = UJJ249DMTZ;
				GENERATE_INFOPLIST_FILE = YES;
				MARKETING_VERSION = 1.0;
				PRODUCT_BUNDLE_IDENTIFIER = com.tzeyi.MapUITests;
				PRODUCT_NAME = "$(TARGET_NAME)";
				SWIFT_EMIT_LOC_STRINGS = NO;
				SWIFT_VERSION = 5.0;
				TARGETED_DEVICE_FAMILY = "1,2";
				TEST_TARGET_NAME = Map;
			};
			name = Debug;
		};
		ACDAC6972B633FB500EC7272 /* Release */ = {
			isa = XCBuildConfiguration;
			buildSettings = {
				ALWAYS_EMBED_SWIFT_STANDARD_LIBRARIES = YES;
				CODE_SIGN_STYLE = Automatic;
				CURRENT_PROJECT_VERSION = 1;
				DEVELOPMENT_TEAM = UJJ249DMTZ;
				GENERATE_INFOPLIST_FILE = YES;
				MARKETING_VERSION = 1.0;
				PRODUCT_BUNDLE_IDENTIFIER = com.tzeyi.MapUITests;
				PRODUCT_NAME = "$(TARGET_NAME)";
				SWIFT_EMIT_LOC_STRINGS = NO;
				SWIFT_VERSION = 5.0;
				TARGETED_DEVICE_FAMILY = "1,2";
				TEST_TARGET_NAME = Map;
			};
			name = Release;
		};
/* End XCBuildConfiguration section */

/* Begin XCConfigurationList section */
		ACDAC6662B633FB400EC7272 /* Build configuration list for PBXProject "Map" */ = {
			isa = XCConfigurationList;
			buildConfigurations = (
				ACDAC68D2B633FB500EC7272 /* Debug */,
				ACDAC68E2B633FB500EC7272 /* Release */,
			);
			defaultConfigurationIsVisible = 0;
			defaultConfigurationName = Release;
		};
		ACDAC68F2B633FB500EC7272 /* Build configuration list for PBXNativeTarget "Map" */ = {
			isa = XCConfigurationList;
			buildConfigurations = (
				ACDAC6902B633FB500EC7272 /* Debug */,
				ACDAC6912B633FB500EC7272 /* Release */,
			);
			defaultConfigurationIsVisible = 0;
			defaultConfigurationName = Release;
		};
		ACDAC6922B633FB500EC7272 /* Build configuration list for PBXNativeTarget "MapTests" */ = {
			isa = XCConfigurationList;
			buildConfigurations = (
				ACDAC6932B633FB500EC7272 /* Debug */,
				ACDAC6942B633FB500EC7272 /* Release */,
			);
			defaultConfigurationIsVisible = 0;
			defaultConfigurationName = Release;
		};
		ACDAC6952B633FB500EC7272 /* Build configuration list for PBXNativeTarget "MapUITests" */ = {
			isa = XCConfigurationList;
			buildConfigurations = (
				ACDAC6962B633FB500EC7272 /* Debug */,
				ACDAC6972B633FB500EC7272 /* Release */,
			);
			defaultConfigurationIsVisible = 0;
			defaultConfigurationName = Release;
		};
/* End XCConfigurationList section */
	};
	rootObject = ACDAC6632B633FB400EC7272 /* Project object */;
}
